
Microsoft Visual Studio Solution File, Format Version 12.00
# Visual Studio Version 16
VisualStudioVersion = 16.0.32602.291
MinimumVisualStudioVersion = 10.0.40219.1
Project("{9A19103F-16F7-4668-BE54-9A1E7A4F7556}") = "TweetAppApi", "TweetAppApi\TweetAppApi.csproj", "{7DDE0625-189F-4CD6-BBE3-A89EDE99A794}"
EndProject
Project("{9A19103F-16F7-4668-BE54-9A1E7A4F7556}") = "TweetApp.Domain", "TweetApp.DataAccess\TweetApp.Domain.csproj", "{A0735055-23EA-44BA-B324-AC542C052869}"
EndProject
Project("{9A19103F-16F7-4668-BE54-9A1E7A4F7556}") = "TweetApp.Service", "TweetApp.Service\TweetApp.Service.csproj", "{144E6E57-B8C6-420E-B006-489096C6781B}"
EndProject
Global
	GlobalSection(SolutionConfigurationPlatforms) = preSolution
		Debug|Any CPU = Debug|Any CPU
		Release|Any CPU = Release|Any CPU
	EndGlobalSection
	GlobalSection(ProjectConfigurationPlatforms) = postSolution
		{7DDE0625-189F-4CD6-BBE3-A89EDE99A794}.Debug|Any CPU.ActiveCfg = Debug|Any CPU
		{7DDE0625-189F-4CD6-BBE3-A89EDE99A794}.Debug|Any CPU.Build.0 = Debug|Any CPU
		{7DDE0625-189F-4CD6-BBE3-A89EDE99A794}.Release|Any CPU.ActiveCfg = Release|Any CPU
		{7DDE0625-189F-4CD6-BBE3-A89EDE99A794}.Release|Any CPU.Build.0 = Release|Any CPU
		{A0735055-23EA-44BA-B324-AC542C052869}.Debug|Any CPU.ActiveCfg = Debug|Any CPU
		{A0735055-23EA-44BA-B324-AC542C052869}.Debug|Any CPU.Build.0 = Debug|Any CPU
		{A0735055-23EA-44BA-B324-AC542C052869}.Release|Any CPU.ActiveCfg = Release|Any CPU
		{A0735055-23EA-44BA-B324-AC542C052869}.Release|Any CPU.Build.0 = Release|Any CPU
		{144E6E57-B8C6-420E-B006-489096C6781B}.Debug|Any CPU.ActiveCfg = Debug|Any CPU
		{144E6E57-B8C6-420E-B006-489096C6781B}.Debug|Any CPU.Build.0 = Debug|Any CPU
		{144E6E57-B8C6-420E-B006-489096C6781B}.Release|Any CPU.ActiveCfg = Release|Any CPU
		{144E6E57-B8C6-420E-B006-489096C6781B}.Release|Any CPU.Build.0 = Release|Any CPU
	EndGlobalSection
	GlobalSection(SolutionProperties) = preSolution
		HideSolutionNode = FALSE
	EndGlobalSection
	GlobalSection(ExtensibilityGlobals) = postSolution
		SolutionGuid = {B3EEDC96-D00D-40CD-BAE0-5DA5A50FE8BB}
	EndGlobalSection
EndGlobal
